
Microsoft Visual Studio Solution File, Format Version 12.00
# Visual Studio Version 17
VisualStudioVersion = 17.8.34330.188
MinimumVisualStudioVersion = 10.0.40219.1
Project("{9A19103F-16F7-4668-BE54-9A1E7A4F7556}") = "SampleStudy.Api", "SampleStudy.Api\SampleStudy.Api.csproj", "{F286AE43-0B1C-4AEC-B93E-0BA8421EB4A5}"
EndProject
Project("{9A19103F-16F7-4668-BE54-9A1E7A4F7556}") = "SampleStudy.Application", "SampleStudy.Application\SampleStudy.Application.csproj", "{268EA24F-417E-4275-9C90-FD32B8338811}"
EndProject
Project("{9A19103F-16F7-4668-BE54-9A1E7A4F7556}") = "SampleStudy.Infrastructure", "SampleStudy.InfraStructure\SampleStudy.Infrastructure.csproj", "{433964CB-6598-40D2-9884-70910CAC4061}"
EndProject
Project("{9A19103F-16F7-4668-BE54-9A1E7A4F7556}") = "SampleStudy.Domain", "SampleStudy.Domain\SampleStudy.Domain.csproj", "{1161382C-4F8B-4A50-B98D-CD8BC306507B}"
EndProject
Project("{9A19103F-16F7-4668-BE54-9A1E7A4F7556}") = "SampleStudy.Tests", "SampleStudy.Tests\SampleStudy.Tests.csproj", "{D410C9B1-399F-4C4B-9D45-9B35694F1755}"
EndProject
Project("{2150E333-8FDC-42A3-9474-1A3956D46DE8}") = "Solution Items", "Solution Items", "{14A99469-65B0-4EE9-81A0-DEAFB1BDE98B}"
	ProjectSection(SolutionItems) = preProject
		Dockerfile = Dockerfile
		sqlqueries.sql = sqlqueries.sql
	EndProjectSection
EndProject
Global
	GlobalSection(SolutionConfigurationPlatforms) = preSolution
		Debug|Any CPU = Debug|Any CPU
		Release|Any CPU = Release|Any CPU
	EndGlobalSection
	GlobalSection(ProjectConfigurationPlatforms) = postSolution
		{F286AE43-0B1C-4AEC-B93E-0BA8421EB4A5}.Debug|Any CPU.ActiveCfg = Debug|Any CPU
		{F286AE43-0B1C-4AEC-B93E-0BA8421EB4A5}.Debug|Any CPU.Build.0 = Debug|Any CPU
		{F286AE43-0B1C-4AEC-B93E-0BA8421EB4A5}.Release|Any CPU.ActiveCfg = Release|Any CPU
		{F286AE43-0B1C-4AEC-B93E-0BA8421EB4A5}.Release|Any CPU.Build.0 = Release|Any CPU
		{268EA24F-417E-4275-9C90-FD32B8338811}.Debug|Any CPU.ActiveCfg = Debug|Any CPU
		{268EA24F-417E-4275-9C90-FD32B8338811}.Debug|Any CPU.Build.0 = Debug|Any CPU
		{268EA24F-417E-4275-9C90-FD32B8338811}.Release|Any CPU.ActiveCfg = Release|Any CPU
		{268EA24F-417E-4275-9C90-FD32B8338811}.Release|Any CPU.Build.0 = Release|Any CPU
		{433964CB-6598-40D2-9884-70910CAC4061}.Debug|Any CPU.ActiveCfg = Debug|Any CPU
		{433964CB-6598-40D2-9884-70910CAC4061}.Debug|Any CPU.Build.0 = Debug|Any CPU
		{433964CB-6598-40D2-9884-70910CAC4061}.Release|Any CPU.ActiveCfg = Release|Any CPU
		{433964CB-6598-40D2-9884-70910CAC4061}.Release|Any CPU.Build.0 = Release|Any CPU
		{1161382C-4F8B-4A50-B98D-CD8BC306507B}.Debug|Any CPU.ActiveCfg = Debug|Any CPU
		{1161382C-4F8B-4A50-B98D-CD8BC306507B}.Debug|Any CPU.Build.0 = Debug|Any CPU
		{1161382C-4F8B-4A50-B98D-CD8BC306507B}.Release|Any CPU.ActiveCfg = Release|Any CPU
		{1161382C-4F8B-4A50-B98D-CD8BC306507B}.Release|Any CPU.Build.0 = Release|Any CPU
		{D410C9B1-399F-4C4B-9D45-9B35694F1755}.Debug|Any CPU.ActiveCfg = Debug|Any CPU
		{D410C9B1-399F-4C4B-9D45-9B35694F1755}.Debug|Any CPU.Build.0 = Debug|Any CPU
		{D410C9B1-399F-4C4B-9D45-9B35694F1755}.Release|Any CPU.ActiveCfg = Release|Any CPU
		{D410C9B1-399F-4C4B-9D45-9B35694F1755}.Release|Any CPU.Build.0 = Release|Any CPU
	EndGlobalSection
	GlobalSection(SolutionProperties) = preSolution
		HideSolutionNode = FALSE
	EndGlobalSection
	GlobalSection(ExtensibilityGlobals) = postSolution
		SolutionGuid = {77393339-4CD7-4076-8762-C0D1C70DA14E}
	EndGlobalSection
EndGlobal
